// !$*UTF8*$!
{
	archiveVersion = 1;
	classes = {
	};
	objectVersion = 56;
	objects = {

/* Begin PBXBuildFile section */
		5F99BAAC2AE163FC00BC66C7 /* AppDelegate.swift in Sources */ = {isa = PBXBuildFile; fileRef = 5F99BAAB2AE163FC00BC66C7 /* AppDelegate.swift */; };
		5F99BAAE2AE163FC00BC66C7 /* SceneDelegate.swift in Sources */ = {isa = PBXBuildFile; fileRef = 5F99BAAD2AE163FC00BC66C7 /* SceneDelegate.swift */; };
		5F99BAB02AE163FC00BC66C7 /* ViewController.swift in Sources */ = {isa = PBXBuildFile; fileRef = 5F99BAAF2AE163FC00BC66C7 /* ViewController.swift */; };
		5F99BAB32AE163FC00BC66C7 /* Main.storyboard in Resources */ = {isa = PBXBuildFile; fileRef = 5F99BAB12AE163FC00BC66C7 /* Main.storyboard */; };
		5F99BAB52AE163FF00BC66C7 /* Assets.xcassets in Resources */ = {isa = PBXBuildFile; fileRef = 5F99BAB42AE163FF00BC66C7 /* Assets.xcassets */; };
		5F99BAB82AE163FF00BC66C7 /* LaunchScreen.storyboard in Resources */ = {isa = PBXBuildFile; fileRef = 5F99BAB62AE163FF00BC66C7 /* LaunchScreen.storyboard */; };
		5F99BAC32AE1640000BC66C7 /* iQuizTests.swift in Sources */ = {isa = PBXBuildFile; fileRef = 5F99BAC22AE1640000BC66C7 /* iQuizTests.swift */; };
		5F99BACD2AE1640000BC66C7 /* iQuizUITests.swift in Sources */ = {isa = PBXBuildFile; fileRef = 5F99BACC2AE1640000BC66C7 /* iQuizUITests.swift */; };
		5F99BACF2AE1640000BC66C7 /* iQuizUITestsLaunchTests.swift in Sources */ = {isa = PBXBuildFile; fileRef = 5F99BACE2AE1640000BC66C7 /* iQuizUITestsLaunchTests.swift */; };
/* End PBXBuildFile section */

/* Begin PBXContainerItemProxy section */
		5F99BABF2AE1640000BC66C7 /* PBXContainerItemProxy */ = {
			isa = PBXContainerItemProxy;
			containerPortal = 5F99BAA02AE163FC00BC66C7 /* Project object */;
			proxyType = 1;
			remoteGlobalIDString = 5F99BAA72AE163FC00BC66C7;
			remoteInfo = iQuiz;
		};
		5F99BAC92AE1640000BC66C7 /* PBXContainerItemProxy */ = {
			isa = PBXContainerItemProxy;
			containerPortal = 5F99BAA02AE163FC00BC66C7 /* Project object */;
			proxyType = 1;
			remoteGlobalIDString = 5F99BAA72AE163FC00BC66C7;
			remoteInfo = iQuiz;
		};
/* End PBXContainerItemProxy section */

/* Begin PBXFileReference section */
		5F99BAA82AE163FC00BC66C7 /* iQuiz.app */ = {isa = PBXFileReference; explicitFileType = wrapper.application; includeInIndex = 0; path = iQuiz.app; sourceTree = BUILT_PRODUCTS_DIR; };
		5F99BAAB2AE163FC00BC66C7 /* AppDelegate.swift */ = {isa = PBXFileReference; lastKnownFileType = sourcecode.swift; path = AppDelegate.swift; sourceTree = "<group>"; };
		5F99BAAD2AE163FC00BC66C7 /* SceneDelegate.swift */ = {isa = PBXFileReference; lastKnownFileType = sourcecode.swift; path = SceneDelegate.swift; sourceTree = "<group>"; };
		5F99BAAF2AE163FC00BC66C7 /* ViewController.swift */ = {isa = PBXFileReference; lastKnownFileType = sourcecode.swift; path = ViewController.swift; sourceTree = "<group>"; };
		5F99BAB22AE163FC00BC66C7 /* Base */ = {isa = PBXFileReference; lastKnownFileType = file.storyboard; name = Base; path = Base.lproj/Main.storyboard; sourceTree = "<group>"; };
		5F99BAB42AE163FF00BC66C7 /* Assets.xcassets */ = {isa = PBXFileReference; lastKnownFileType = folder.assetcatalog; path = Assets.xcassets; sourceTree = "<group>"; };
		5F99BAB72AE163FF00BC66C7 /* Base */ = {isa = PBXFileReference; lastKnownFileType = file.storyboard; name = Base; path = Base.lproj/LaunchScreen.storyboard; sourceTree = "<group>"; };
		5F99BAB92AE163FF00BC66C7 /* Info.plist */ = {isa = PBXFileReference; lastKnownFileType = text.plist.xml; path = Info.plist; sourceTree = "<group>"; };
		5F99BABE2AE1640000BC66C7 /* iQuizTests.xctest */ = {isa = PBXFileReference; explicitFileType = wrapper.cfbundle; includeInIndex = 0; path = iQuizTests.xctest; sourceTree = BUILT_PRODUCTS_DIR; };
		5F99BAC22AE1640000BC66C7 /* iQuizTests.swift */ = {isa = PBXFileReference; lastKnownFileType = sourcecode.swift; path = iQuizTests.swift; sourceTree = "<group>"; };
		5F99BAC82AE1640000BC66C7 /* iQuizUITests.xctest */ = {isa = PBXFileReference; explicitFileType = wrapper.cfbundle; includeInIndex = 0; path = iQuizUITests.xctest; sourceTree = BUILT_PRODUCTS_DIR; };
		5F99BACC2AE1640000BC66C7 /* iQuizUITests.swift */ = {isa = PBXFileReference; lastKnownFileType = sourcecode.swift; path = iQuizUITests.swift; sourceTree = "<group>"; };
		5F99BACE2AE1640000BC66C7 /* iQuizUITestsLaunchTests.swift */ = {isa = PBXFileReference; lastKnownFileType = sourcecode.swift; path = iQuizUITestsLaunchTests.swift; sourceTree = "<group>"; };
/* End PBXFileReference section */

/* Begin PBXFrameworksBuildPhase section */
		5F99BAA52AE163FC00BC66C7 /* Frameworks */ = {
			isa = PBXFrameworksBuildPhase;
			buildActionMask = 2147483647;
			files = (
			);
			runOnlyForDeploymentPostprocessing = 0;
		};
		5F99BABB2AE1640000BC66C7 /* Frameworks */ = {
			isa = PBXFrameworksBuildPhase;
			buildActionMask = 2147483647;
			files = (
			);
			runOnlyForDeploymentPostprocessing = 0;
		};
		5F99BAC52AE1640000BC66C7 /* Frameworks */ = {
			isa = PBXFrameworksBuildPhase;
			buildActionMask = 2147483647;
			files = (
			);
			runOnlyForDeploymentPostprocessing = 0;
		};
/* End PBXFrameworksBuildPhase section */

/* Begin PBXGroup section */
		5F99BA9F2AE163FC00BC66C7 = {
			isa = PBXGroup;
			children = (
				5F99BAAA2AE163FC00BC66C7 /* iQuiz */,
				5F99BAC12AE1640000BC66C7 /* iQuizTests */,
				5F99BACB2AE1640000BC66C7 /* iQuizUITests */,
				5F99BAA92AE163FC00BC66C7 /* Products */,
			);
			sourceTree = "<group>";
		};
		5F99BAA92AE163FC00BC66C7 /* Products */ = {
			isa = PBXGroup;
			children = (
				5F99BAA82AE163FC00BC66C7 /* iQuiz.app */,
				5F99BABE2AE1640000BC66C7 /* iQuizTests.xctest */,
				5F99BAC82AE1640000BC66C7 /* iQuizUITests.xctest */,
			);
			name = Products;
			sourceTree = "<group>";
		};
		5F99BAAA2AE163FC00BC66C7 /* iQuiz */ = {
			isa = PBXGroup;
			children = (
				5F99BAAB2AE163FC00BC66C7 /* AppDelegate.swift */,
				5F99BAAD2AE163FC00BC66C7 /* SceneDelegate.swift */,
				5F99BAAF2AE163FC00BC66C7 /* ViewController.swift */,
				5F99BAB12AE163FC00BC66C7 /* Main.storyboard */,
				5F99BAB42AE163FF00BC66C7 /* Assets.xcassets */,
				5F99BAB62AE163FF00BC66C7 /* LaunchScreen.storyboard */,
				5F99BAB92AE163FF00BC66C7 /* Info.plist */,
			);
			path = iQuiz;
			sourceTree = "<group>";
		};
		5F99BAC12AE1640000BC66C7 /* iQuizTests */ = {
			isa = PBXGroup;
			children = (
				5F99BAC22AE1640000BC66C7 /* iQuizTests.swift */,
			);
			path = iQuizTests;
			sourceTree = "<group>";
		};
		5F99BACB2AE1640000BC66C7 /* iQuizUITests */ = {
			isa = PBXGroup;
			children = (
				5F99BACC2AE1640000BC66C7 /* iQuizUITests.swift */,
				5F99BACE2AE1640000BC66C7 /* iQuizUITestsLaunchTests.swift */,
			);
			path = iQuizUITests;
			sourceTree = "<group>";
		};
/* End PBXGroup section */

/* Begin PBXNativeTarget section */
		5F99BAA72AE163FC00BC66C7 /* iQuiz */ = {
			isa = PBXNativeTarget;
			buildConfigurationList = 5F99BAD22AE1640000BC66C7 /* Build configuration list for PBXNativeTarget "iQuiz" */;
			buildPhases = (
				5F99BAA42AE163FC00BC66C7 /* Sources */,
				5F99BAA52AE163FC00BC66C7 /* Frameworks */,
				5F99BAA62AE163FC00BC66C7 /* Resources */,
			);
			buildRules = (
			);
			dependencies = (
			);
			name = iQuiz;
			productName = iQuiz;
			productReference = 5F99BAA82AE163FC00BC66C7 /* iQuiz.app */;
			productType = "com.apple.product-type.application";
		};
		5F99BABD2AE1640000BC66C7 /* iQuizTests */ = {
			isa = PBXNativeTarget;
			buildConfigurationList = 5F99BAD52AE1640000BC66C7 /* Build configuration list for PBXNativeTarget "iQuizTests" */;
			buildPhases = (
				5F99BABA2AE1640000BC66C7 /* Sources */,
				5F99BABB2AE1640000BC66C7 /* Frameworks */,
				5F99BABC2AE1640000BC66C7 /* Resources */,
			);
			buildRules = (
			);
			dependencies = (
				5F99BAC02AE1640000BC66C7 /* PBXTargetDependency */,
			);
			name = iQuizTests;
			productName = iQuizTests;
			productReference = 5F99BABE2AE1640000BC66C7 /* iQuizTests.xctest */;
			productType = "com.apple.product-type.bundle.unit-test";
		};
		5F99BAC72AE1640000BC66C7 /* iQuizUITests */ = {
			isa = PBXNativeTarget;
			buildConfigurationList = 5F99BAD82AE1640000BC66C7 /* Build configuration list for PBXNativeTarget "iQuizUITests" */;
			buildPhases = (
				5F99BAC42AE1640000BC66C7 /* Sources */,
				5F99BAC52AE1640000BC66C7 /* Frameworks */,
				5F99BAC62AE1640000BC66C7 /* Resources */,
			);
			buildRules = (
			);
			dependencies = (
				5F99BACA2AE1640000BC66C7 /* PBXTargetDependency */,
			);
			name = iQuizUITests;
			productName = iQuizUITests;
			productReference = 5F99BAC82AE1640000BC66C7 /* iQuizUITests.xctest */;
			productType = "com.apple.product-type.bundle.ui-testing";
		};
/* End PBXNativeTarget section */

/* Begin PBXProject section */
		5F99BAA02AE163FC00BC66C7 /* Project object */ = {
			isa = PBXProject;
			attributes = {
				BuildIndependentTargetsInParallel = 1;
				LastSwiftUpdateCheck = 1430;
				LastUpgradeCheck = 1430;
				TargetAttributes = {
					5F99BAA72AE163FC00BC66C7 = {
						CreatedOnToolsVersion = 14.3.1;
					};
					5F99BABD2AE1640000BC66C7 = {
						CreatedOnToolsVersion = 14.3.1;
						TestTargetID = 5F99BAA72AE163FC00BC66C7;
					};
					5F99BAC72AE1640000BC66C7 = {
						CreatedOnToolsVersion = 14.3.1;
						TestTargetID = 5F99BAA72AE163FC00BC66C7;
					};
				};
			};
			buildConfigurationList = 5F99BAA32AE163FC00BC66C7 /* Build configuration list for PBXProject "iQuiz" */;
			compatibilityVersion = "Xcode 14.0";
			developmentRegion = en;
			hasScannedForEncodings = 0;
			knownRegions = (
				en,
				Base,
			);
			mainGroup = 5F99BA9F2AE163FC00BC66C7;
			productRefGroup = 5F99BAA92AE163FC00BC66C7 /* Products */;
			projectDirPath = "";
			projectRoot = "";
			targets = (
				5F99BAA72AE163FC00BC66C7 /* iQuiz */,
				5F99BABD2AE1640000BC66C7 /* iQuizTests */,
				5F99BAC72AE1640000BC66C7 /* iQuizUITests */,
			);
		};
/* End PBXProject section */

/* Begin PBXResourcesBuildPhase section */
		5F99BAA62AE163FC00BC66C7 /* Resources */ = {
			isa = PBXResourcesBuildPhase;
			buildActionMask = 2147483647;
			files = (
				5F99BAB82AE163FF00BC66C7 /* LaunchScreen.storyboard in Resources */,
				5F99BAB52AE163FF00BC66C7 /* Assets.xcassets in Resources */,
				5F99BAB32AE163FC00BC66C7 /* Main.storyboard in Resources */,
			);
			runOnlyForDeploymentPostprocessing = 0;
		};
		5F99BABC2AE1640000BC66C7 /* Resources */ = {
			isa = PBXResourcesBuildPhase;
			buildActionMask = 2147483647;
			files = (
			);
			runOnlyForDeploymentPostprocessing = 0;
		};
		5F99BAC62AE1640000BC66C7 /* Resources */ = {
			isa = PBXResourcesBuildPhase;
			buildActionMask = 2147483647;
			files = (
			);
			runOnlyForDeploymentPostprocessing = 0;
		};
/* End PBXResourcesBuildPhase section */

/* Begin PBXSourcesBuildPhase section */
		5F99BAA42AE163FC00BC66C7 /* Sources */ = {
			isa = PBXSourcesBuildPhase;
			buildActionMask = 2147483647;
			files = (
				5F99BAB02AE163FC00BC66C7 /* ViewController.swift in Sources */,
				5F99BAAC2AE163FC00BC66C7 /* AppDelegate.swift in Sources */,
				5F99BAAE2AE163FC00BC66C7 /* SceneDelegate.swift in Sources */,
			);
			runOnlyForDeploymentPostprocessing = 0;
		};
		5F99BABA2AE1640000BC66C7 /* Sources */ = {
			isa = PBXSourcesBuildPhase;
			buildActionMask = 2147483647;
			files = (
				5F99BAC32AE1640000BC66C7 /* iQuizTests.swift in Sources */,
			);
			runOnlyForDeploymentPostprocessing = 0;
		};
		5F99BAC42AE1640000BC66C7 /* Sources */ = {
			isa = PBXSourcesBuildPhase;
			buildActionMask = 2147483647;
			files = (
				5F99BACD2AE1640000BC66C7 /* iQuizUITests.swift in Sources */,
				5F99BACF2AE1640000BC66C7 /* iQuizUITestsLaunchTests.swift in Sources */,
			);
			runOnlyForDeploymentPostprocessing = 0;
		};
/* End PBXSourcesBuildPhase section */

/* Begin PBXTargetDependency section */
		5F99BAC02AE1640000BC66C7 /* PBXTargetDependency */ = {
			isa = PBXTargetDependency;
			target = 5F99BAA72AE163FC00BC66C7 /* iQuiz */;
			targetProxy = 5F99BABF2AE1640000BC66C7 /* PBXContainerItemProxy */;
		};
		5F99BACA2AE1640000BC66C7 /* PBXTargetDependency */ = {
			isa = PBXTargetDependency;
			target = 5F99BAA72AE163FC00BC66C7 /* iQuiz */;
			targetProxy = 5F99BAC92AE1640000BC66C7 /* PBXContainerItemProxy */;
		};
/* End PBXTargetDependency section */

/* Begin PBXVariantGroup section */
		5F99BAB12AE163FC00BC66C7 /* Main.storyboard */ = {
			isa = PBXVariantGroup;
			children = (
				5F99BAB22AE163FC00BC66C7 /* Base */,
			);
			name = Main.storyboard;
			sourceTree = "<group>";
		};
		5F99BAB62AE163FF00BC66C7 /* LaunchScreen.storyboard */ = {
			isa = PBXVariantGroup;
			children = (
				5F99BAB72AE163FF00BC66C7 /* Base */,
			);
			name = LaunchScreen.storyboard;
			sourceTree = "<group>";
		};
/* End PBXVariantGroup section */

/* Begin XCBuildConfiguration section */
		5F99BAD02AE1640000BC66C7 /* Debug */ = {
			isa = XCBuildConfiguration;
			buildSettings = {
				ALWAYS_SEARCH_USER_PATHS = NO;
				CLANG_ANALYZER_NONNULL = YES;
				CLANG_ANALYZER_NUMBER_OBJECT_CONVERSION = YES_AGGRESSIVE;
				CLANG_CXX_LANGUAGE_STANDARD = "gnu++20";
				CLANG_ENABLE_MODULES = YES;
				CLANG_ENABLE_OBJC_ARC = YES;
				CLANG_ENABLE_OBJC_WEAK = YES;
				CLANG_WARN_BLOCK_CAPTURE_AUTORELEASING = YES;
				CLANG_WARN_BOOL_CONVERSION = YES;
				CLANG_WARN_COMMA = YES;
				CLANG_WARN_CONSTANT_CONVERSION = YES;
				CLANG_WARN_DEPRECATED_OBJC_IMPLEMENTATIONS = YES;
				CLANG_WARN_DIRECT_OBJC_ISA_USAGE = YES_ERROR;
				CLANG_WARN_DOCUMENTATION_COMMENTS = YES;
				CLANG_WARN_EMPTY_BODY = YES;
				CLANG_WARN_ENUM_CONVERSION = YES;
				CLANG_WARN_INFINITE_RECURSION = YES;
				CLANG_WARN_INT_CONVERSION = YES;
				CLANG_WARN_NON_LITERAL_NULL_CONVERSION = YES;
				CLANG_WARN_OBJC_IMPLICIT_RETAIN_SELF = YES;
				CLANG_WARN_OBJC_LITERAL_CONVERSION = YES;
				CLANG_WARN_OBJC_ROOT_CLASS = YES_ERROR;
				CLANG_WARN_QUOTED_INCLUDE_IN_FRAMEWORK_HEADER = YES;
				CLANG_WARN_RANGE_LOOP_ANALYSIS = YES;
				CLANG_WARN_STRICT_PROTOTYPES = YES;
				CLANG_WARN_SUSPICIOUS_MOVE = YES;
				CLANG_WARN_UNGUARDED_AVAILABILITY = YES_AGGRESSIVE;
				CLANG_WARN_UNREACHABLE_CODE = YES;
				CLANG_WARN__DUPLICATE_METHOD_MATCH = YES;
				COPY_PHASE_STRIP = NO;
				DEBUG_INFORMATION_FORMAT = dwarf;
				ENABLE_STRICT_OBJC_MSGSEND = YES;
				ENABLE_TESTABILITY = YES;
				GCC_C_LANGUAGE_STANDARD = gnu11;
				GCC_DYNAMIC_NO_PIC = NO;
				GCC_NO_COMMON_BLOCKS = YES;
				GCC_OPTIMIZATION_LEVEL = 0;
				GCC_PREPROCESSOR_DEFINITIONS = (
					"DEBUG=1",
					"$(inherited)",
				);
				GCC_WARN_64_TO_32_BIT_CONVERSION = YES;
				GCC_WARN_ABOUT_RETURN_TYPE = YES_ERROR;
				GCC_WARN_UNDECLARED_SELECTOR = YES;
				GCC_WARN_UNINITIALIZED_AUTOS = YES_AGGRESSIVE;
				GCC_WARN_UNUSED_FUNCTION = YES;
				GCC_WARN_UNUSED_VARIABLE = YES;
				IPHONEOS_DEPLOYMENT_TARGET = 16.4;
				MTL_ENABLE_DEBUG_INFO = INCLUDE_SOURCE;
				MTL_FAST_MATH = YES;
				ONLY_ACTIVE_ARCH = YES;
				SDKROOT = iphoneos;
				SWIFT_ACTIVE_COMPILATION_CONDITIONS = DEBUG;
				SWIFT_OPTIMIZATION_LEVEL = "-Onone";
			};
			name = Debug;
		};
		5F99BAD12AE1640000BC66C7 /* Release */ = {
			isa = XCBuildConfiguration;
			buildSettings = {
				ALWAYS_SEARCH_USER_PATHS = NO;
				CLANG_ANALYZER_NONNULL = YES;
				CLANG_ANALYZER_NUMBER_OBJECT_CONVERSION = YES_AGGRESSIVE;
				CLANG_CXX_LANGUAGE_STANDARD = "gnu++20";
				CLANG_ENABLE_MODULES = YES;
				CLANG_ENABLE_OBJC_ARC = YES;
				CLANG_ENABLE_OBJC_WEAK = YES;
				CLANG_WARN_BLOCK_CAPTURE_AUTORELEASING = YES;
				CLANG_WARN_BOOL_CONVERSION = YES;
				CLANG_WARN_COMMA = YES;
				CLANG_WARN_CONSTANT_CONVERSION = YES;
				CLANG_WARN_DEPRECATED_OBJC_IMPLEMENTATIONS = YES;
				CLANG_WARN_DIRECT_OBJC_ISA_USAGE = YES_ERROR;
				CLANG_WARN_DOCUMENTATION_COMMENTS = YES;
				CLANG_WARN_EMPTY_BODY = YES;
				CLANG_WARN_ENUM_CONVERSION = YES;
				CLANG_WARN_INFINITE_RECURSION = YES;
				CLANG_WARN_INT_CONVERSION = YES;
				CLANG_WARN_NON_LITERAL_NULL_CONVERSION = YES;
				CLANG_WARN_OBJC_IMPLICIT_RETAIN_SELF = YES;
				CLANG_WARN_OBJC_LITERAL_CONVERSION = YES;
				CLANG_WARN_OBJC_ROOT_CLASS = YES_ERROR;
				CLANG_WARN_QUOTED_INCLUDE_IN_FRAMEWORK_HEADER = YES;
				CLANG_WARN_RANGE_LOOP_ANALYSIS = YES;
				CLANG_WARN_STRICT_PROTOTYPES = YES;
				CLANG_WARN_SUSPICIOUS_MOVE = YES;
				CLANG_WARN_UNGUARDED_AVAILABILITY = YES_AGGRESSIVE;
				CLANG_WARN_UNREACHABLE_CODE = YES;
				CLANG_WARN__DUPLICATE_METHOD_MATCH = YES;
				COPY_PHASE_STRIP = NO;
				DEBUG_INFORMATION_FORMAT = "dwarf-with-dsym";
				ENABLE_NS_ASSERTIONS = NO;
				ENABLE_STRICT_OBJC_MSGSEND = YES;
				GCC_C_LANGUAGE_STANDARD = gnu11;
				GCC_NO_COMMON_BLOCKS = YES;
				GCC_WARN_64_TO_32_BIT_CONVERSION = YES;
				GCC_WARN_ABOUT_RETURN_TYPE = YES_ERROR;
				GCC_WARN_UNDECLARED_SELECTOR = YES;
				GCC_WARN_UNINITIALIZED_AUTOS = YES_AGGRESSIVE;
				GCC_WARN_UNUSED_FUNCTION = YES;
				GCC_WARN_UNUSED_VARIABLE = YES;
				IPHONEOS_DEPLOYMENT_TARGET = 16.4;
				MTL_ENABLE_DEBUG_INFO = NO;
				MTL_FAST_MATH = YES;
				SDKROOT = iphoneos;
				SWIFT_COMPILATION_MODE = wholemodule;
				SWIFT_OPTIMIZATION_LEVEL = "-O";
				VALIDATE_PRODUCT = YES;
			};
			name = Release;
		};
		5F99BAD32AE1640000BC66C7 /* Debug */ = {
			isa = XCBuildConfiguration;
			buildSettings = {
				ASSETCATALOG_COMPILER_APPICON_NAME = AppIcon;
				ASSETCATALOG_COMPILER_GLOBAL_ACCENT_COLOR_NAME = AccentColor;
				CODE_SIGN_STYLE = Automatic;
				CURRENT_PROJECT_VERSION = 1;
				GENERATE_INFOPLIST_FILE = YES;
				INFOPLIST_FILE = iQuiz/Info.plist;
				INFOPLIST_KEY_UIApplicationSupportsIndirectInputEvents = YES;
				INFOPLIST_KEY_UILaunchStoryboardName = LaunchScreen;
				INFOPLIST_KEY_UIMainStoryboardFile = Main;
				INFOPLIST_KEY_UISupportedInterfaceOrientations_iPad = "UIInterfaceOrientationPortrait UIInterfaceOrientationPortraitUpsideDown UIInterfaceOrientationLandscapeLeft UIInterfaceOrientationLandscapeRight";
				INFOPLIST_KEY_UISupportedInterfaceOrientations_iPhone = "UIInterfaceOrientationPortrait UIInterfaceOrientationLandscapeLeft UIInterfaceOrientationLandscapeRight";
				LD_RUNPATH_SEARCH_PATHS = (
					"$(inherited)",
					"@executable_path/Frameworks",
				);
				MARKETING_VERSION = 1.0;
				PRODUCT_BUNDLE_IDENTIFIER = br.com.alura.iQuiz.iQuiz;
				PRODUCT_NAME = "$(TARGET_NAME)";
				SWIFT_EMIT_LOC_STRINGS = YES;
				SWIFT_VERSION = 5.0;
				TARGETED_DEVICE_FAMILY = "1,2";
			};
			name = Debug;
		};
		5F99BAD42AE1640000BC66C7 /* Release */ = {
			isa = XCBuildConfiguration;
			buildSettings = {
				ASSETCATALOG_COMPILER_APPICON_NAME = AppIcon;
				ASSETCATALOG_COMPILER_GLOBAL_ACCENT_COLOR_NAME = AccentColor;
				CODE_SIGN_STYLE = Automatic;
				CURRENT_PROJECT_VERSION = 1;
				GENERATE_INFOPLIST_FILE = YES;
				INFOPLIST_FILE = iQuiz/Info.plist;
				INFOPLIST_KEY_UIApplicationSupportsIndirectInputEvents = YES;
				INFOPLIST_KEY_UILaunchStoryboardName = LaunchScreen;
				INFOPLIST_KEY_UIMainStoryboardFile = Main;
				INFOPLIST_KEY_UISupportedInterfaceOrientations_iPad = "UIInterfaceOrientationPortrait UIInterfaceOrientationPortraitUpsideDown UIInterfaceOrientationLandscapeLeft UIInterfaceOrientationLandscapeRight";
				INFOPLIST_KEY_UISupportedInterfaceOrientations_iPhone = "UIInterfaceOrientationPortrait UIInterfaceOrientationLandscapeLeft UIInterfaceOrientationLandscapeRight";
				LD_RUNPATH_SEARCH_PATHS = (
					"$(inherited)",
					"@executable_path/Frameworks",
				);
				MARKETING_VERSION = 1.0;
				PRODUCT_BUNDLE_IDENTIFIER = br.com.alura.iQuiz.iQuiz;
				PRODUCT_NAME = "$(TARGET_NAME)";
				SWIFT_EMIT_LOC_STRINGS = YES;
				SWIFT_VERSION = 5.0;
				TARGETED_DEVICE_FAMILY = "1,2";
			};
			name = Release;
		};
		5F99BAD62AE1640000BC66C7 /* Debug */ = {
			isa = XCBuildConfiguration;
			buildSettings = {
				ALWAYS_EMBED_SWIFT_STANDARD_LIBRARIES = YES;
				BUNDLE_LOADER = "$(TEST_HOST)";
				CODE_SIGN_STYLE = Automatic;
				CURRENT_PROJECT_VERSION = 1;
				GENERATE_INFOPLIST_FILE = YES;
				IPHONEOS_DEPLOYMENT_TARGET = 16.4;
				MARKETING_VERSION = 1.0;
				PRODUCT_BUNDLE_IDENTIFIER = br.com.alura.iQuiz.iQuizTests;
				PRODUCT_NAME = "$(TARGET_NAME)";
				SWIFT_EMIT_LOC_STRINGS = NO;
				SWIFT_VERSION = 5.0;
				TARGETED_DEVICE_FAMILY = "1,2";
				TEST_HOST = "$(BUILT_PRODUCTS_DIR)/iQuiz.app/$(BUNDLE_EXECUTABLE_FOLDER_PATH)/iQuiz";
			};
			name = Debug;
		};
		5F99BAD72AE1640000BC66C7 /* Release */ = {
			isa = XCBuildConfiguration;
			buildSettings = {
				ALWAYS_EMBED_SWIFT_STANDARD_LIBRARIES = YES;
				BUNDLE_LOADER = "$(TEST_HOST)";
				CODE_SIGN_STYLE = Automatic;
				CURRENT_PROJECT_VERSION = 1;
				GENERATE_INFOPLIST_FILE = YES;
				IPHONEOS_DEPLOYMENT_TARGET = 16.4;
				MARKETING_VERSION = 1.0;
				PRODUCT_BUNDLE_IDENTIFIER = br.com.alura.iQuiz.iQuizTests;
				PRODUCT_NAME = "$(TARGET_NAME)";
				SWIFT_EMIT_LOC_STRINGS = NO;
				SWIFT_VERSION = 5.0;
				TARGETED_DEVICE_FAMILY = "1,2";
				TEST_HOST = "$(BUILT_PRODUCTS_DIR)/iQuiz.app/$(BUNDLE_EXECUTABLE_FOLDER_PATH)/iQuiz";
			};
			name = Release;
		};
		5F99BAD92AE1640000BC66C7 /* Debug */ = {
			isa = XCBuildConfiguration;
			buildSettings = {
				ALWAYS_EMBED_SWIFT_STANDARD_LIBRARIES = YES;
				CODE_SIGN_STYLE = Automatic;
				CURRENT_PROJECT_VERSION = 1;
				GENERATE_INFOPLIST_FILE = YES;
				MARKETING_VERSION = 1.0;
				PRODUCT_BUNDLE_IDENTIFIER = br.com.alura.iQuiz.iQuizUITests;
				PRODUCT_NAME = "$(TARGET_NAME)";
				SWIFT_EMIT_LOC_STRINGS = NO;
				SWIFT_VERSION = 5.0;
				TARGETED_DEVICE_FAMILY = "1,2";
				TEST_TARGET_NAME = iQuiz;
			};
			name = Debug;
		};
		5F99BADA2AE1640000BC66C7 /* Release */ = {
			isa = XCBuildConfiguration;
			buildSettings = {
				ALWAYS_EMBED_SWIFT_STANDARD_LIBRARIES = YES;
				CODE_SIGN_STYLE = Automatic;
				CURRENT_PROJECT_VERSION = 1;
				GENERATE_INFOPLIST_FILE = YES;
				MARKETING_VERSION = 1.0;
				PRODUCT_BUNDLE_IDENTIFIER = br.com.alura.iQuiz.iQuizUITests;
				PRODUCT_NAME = "$(TARGET_NAME)";
				SWIFT_EMIT_LOC_STRINGS = NO;
				SWIFT_VERSION = 5.0;
				TARGETED_DEVICE_FAMILY = "1,2";
				TEST_TARGET_NAME = iQuiz;
			};
			name = Release;
		};
/* End XCBuildConfiguration section */

/* Begin XCConfigurationList section */
		5F99BAA32AE163FC00BC66C7 /* Build configuration list for PBXProject "iQuiz" */ = {
			isa = XCConfigurationList;
			buildConfigurations = (
				5F99BAD02AE1640000BC66C7 /* Debug */,
				5F99BAD12AE1640000BC66C7 /* Release */,
			);
			defaultConfigurationIsVisible = 0;
			defaultConfigurationName = Release;
		};
		5F99BAD22AE1640000BC66C7 /* Build configuration list for PBXNativeTarget "iQuiz" */ = {
			isa = XCConfigurationList;
			buildConfigurations = (
				5F99BAD32AE1640000BC66C7 /* Debug */,
				5F99BAD42AE1640000BC66C7 /* Release */,
			);
			defaultConfigurationIsVisible = 0;
			defaultConfigurationName = Release;
		};
		5F99BAD52AE1640000BC66C7 /* Build configuration list for PBXNativeTarget "iQuizTests" */ = {
			isa = XCConfigurationList;
			buildConfigurations = (
				5F99BAD62AE1640000BC66C7 /* Debug */,
				5F99BAD72AE1640000BC66C7 /* Release */,
			);
			defaultConfigurationIsVisible = 0;
			defaultConfigurationName = Release;
		};
		5F99BAD82AE1640000BC66C7 /* Build configuration list for PBXNativeTarget "iQuizUITests" */ = {
			isa = XCConfigurationList;
			buildConfigurations = (
				5F99BAD92AE1640000BC66C7 /* Debug */,
				5F99BADA2AE1640000BC66C7 /* Release */,
			);
			defaultConfigurationIsVisible = 0;
			defaultConfigurationName = Release;
		};
/* End XCConfigurationList section */
	};
	rootObject = 5F99BAA02AE163FC00BC66C7 /* Project object */;
}
